{
  "name": "miniprogram",
  "version": "1.0.0",
  "lockfileVersion": 1,
  "requires": true,
  "dependencies": {
    "@vant/weapp": {
      "version": "1.2.1",
      "resolved": "https://registry.npm.taobao.org/@vant/weapp/download/@vant/weapp-1.2.1.tgz",
      "integrity": "sha1-L+PUjmEb/2eeL7EwrhBA9BtGS8w="
    }
  }
}
